<Solution>
  <Project Path="MidAssignment.API/MidAssignment.API.csproj" />
  <Project Path="MidAssignment.Application/MidAssignment.Application.csproj" />
  <Project Path="MidAssignment.Domain/MidAssignment.Domain.csproj" />
  <Project Path="MidAssignment.Infrastructure/MidAssignment.Infrastructure.csproj" />
  <Project Path="MidAssignment.Shared/MidAssignment.Shared.csproj" Id="478d8b3a-51d4-42a4-8df7-6ddea0a99a7a" />
  <Project Path="MidAssignment.UI/MidAssignment.UI.csproj" Id="d425cab6-6012-433c-895d-ef39b6bffd97" />
  <Project Path="MidAssignment.UnitTest/MidAssignment.UnitTest.csproj" Id="96d54500-14e0-4109-ae51-be96e1bf8e62" />
</Solution>
